
Microsoft Visual Studio Solution File, Format Version 12.00
# Visual Studio Version 17
VisualStudioVersion = 17.1.32328.378
MinimumVisualStudioVersion = 10.0.40219.1
Project("{FAE04EC0-301F-11D3-BF4B-00C04F79EFBC}") = "Server-Core", "Server-Core\Server-Core.csproj", "{51F4C042-DEEC-4693-A7B5-E70803D5421F}"
EndProject
Project("{FAE04EC0-301F-11D3-BF4B-00C04F79EFBC}") = "Database", "Database\Database.csproj", "{944E5AE1-BCAE-4591-9E55-FC3E577218E5}"
EndProject
Project("{FAE04EC0-301F-11D3-BF4B-00C04F79EFBC}") = "Client-Core", "Client-Core\Client-Core.csproj", "{DF500516-891C-41EF-869D-9179EE19D858}"
EndProject
Global
	GlobalSection(SolutionConfigurationPlatforms) = preSolution
		Debug|Any CPU = Debug|Any CPU
		Release|Any CPU = Release|Any CPU
	EndGlobalSection
	GlobalSection(ProjectConfigurationPlatforms) = postSolution
		{51F4C042-DEEC-4693-A7B5-E70803D5421F}.Debug|Any CPU.ActiveCfg = Debug|Any CPU
		{51F4C042-DEEC-4693-A7B5-E70803D5421F}.Debug|Any CPU.Build.0 = Debug|Any CPU
		{51F4C042-DEEC-4693-A7B5-E70803D5421F}.Release|Any CPU.ActiveCfg = Release|Any CPU
		{51F4C042-DEEC-4693-A7B5-E70803D5421F}.Release|Any CPU.Build.0 = Release|Any CPU
		{944E5AE1-BCAE-4591-9E55-FC3E577218E5}.Debug|Any CPU.ActiveCfg = Debug|Any CPU
		{944E5AE1-BCAE-4591-9E55-FC3E577218E5}.Debug|Any CPU.Build.0 = Debug|Any CPU
		{944E5AE1-BCAE-4591-9E55-FC3E577218E5}.Release|Any CPU.ActiveCfg = Release|Any CPU
		{944E5AE1-BCAE-4591-9E55-FC3E577218E5}.Release|Any CPU.Build.0 = Release|Any CPU
		{DF500516-891C-41EF-869D-9179EE19D858}.Debug|Any CPU.ActiveCfg = Debug|Any CPU
		{DF500516-891C-41EF-869D-9179EE19D858}.Debug|Any CPU.Build.0 = Debug|Any CPU
		{DF500516-891C-41EF-869D-9179EE19D858}.Release|Any CPU.ActiveCfg = Release|Any CPU
		{DF500516-891C-41EF-869D-9179EE19D858}.Release|Any CPU.Build.0 = Release|Any CPU
	EndGlobalSection
	GlobalSection(SolutionProperties) = preSolution
		HideSolutionNode = FALSE
	EndGlobalSection
	GlobalSection(ExtensibilityGlobals) = postSolution
		SolutionGuid = {9CDEA2B6-8E2D-4C1F-9AEF-CA1C7B0F246A}
	EndGlobalSection
EndGlobal
